Microsoft Visual Studio Solution File, Format Version 12.00
# Visual Studio Version 17
VisualStudioVersion = 17.5.2.0
MinimumVisualStudioVersion = 10.0.40219.1
Project("{FAE04EC0-301F-11D3-BF4B-00C04F79EFBC}") = "GrainInterfaces", "GrainInterfaces\GrainInterfaces.csproj", "{1E63992D-9E28-54CE-34DB-DBFF4968C6D0}"
EndProject
Project("{FAE04EC0-301F-11D3-BF4B-00C04F79EFBC}") = "LimPocHelperFramework", "LimPocHelperFramework\LimPocHelperFramework.csproj", "{AC8DC9D9-0EB0-42A7-8501-20CF42C75729}"
EndProject
Global
	GlobalSection(SolutionConfigurationPlatforms) = preSolution
		Debug|Any CPU = Debug|Any CPU
		Release|Any CPU = Release|Any CPU
	EndGlobalSection
	GlobalSection(ProjectConfigurationPlatforms) = postSolution
		{1E63992D-9E28-54CE-34DB-DBFF4968C6D0}.Debug|Any CPU.ActiveCfg = Debug|Any CPU
		{1E63992D-9E28-54CE-34DB-DBFF4968C6D0}.Debug|Any CPU.Build.0 = Debug|Any CPU
		{1E63992D-9E28-54CE-34DB-DBFF4968C6D0}.Release|Any CPU.ActiveCfg = Release|Any CPU
		{1E63992D-9E28-54CE-34DB-DBFF4968C6D0}.Release|Any CPU.Build.0 = Release|Any CPU
		{AC8DC9D9-0EB0-42A7-8501-20CF42C75729}.Debug|Any CPU.ActiveCfg = Debug|Any CPU
		{AC8DC9D9-0EB0-42A7-8501-20CF42C75729}.Debug|Any CPU.Build.0 = Debug|Any CPU
		{AC8DC9D9-0EB0-42A7-8501-20CF42C75729}.Release|Any CPU.ActiveCfg = Release|Any CPU
		{AC8DC9D9-0EB0-42A7-8501-20CF42C75729}.Release|Any CPU.Build.0 = Release|Any CPU
	EndGlobalSection
	GlobalSection(SolutionProperties) = preSolution
		HideSolutionNode = FALSE
	EndGlobalSection
	GlobalSection(ExtensibilityGlobals) = postSolution
		SolutionGuid = {7F518BE1-125F-4FAB-8C97-98282C468182}
	EndGlobalSection
EndGlobal
